{
  "name": "settleora-scaffold",
  "version": "0.1.0",
  "lockfileVersion": 3,
  "requires": true,
  "packages": {
    "": {
      "name": "settleora-scaffold",
      "version": "0.1.0",
      "devDependencies": {
        "@redocly/cli": "^2.34.0",
        "yaml": "^2.8.3"
      }
    },
    "apps/web-admin": {
      "extraneous": true
    },
    "apps/web-user": {
      "extraneous": true
    },
    "node_modules/@redocly/cli": {
      "version": "2.34.0",
      "resolved": "https://registry.npmjs.org/@redocly/cli/-/cli-2.34.0.tgz",
      "integrity": "sha512-wlEy03fyf+xrEatHbSSLFGP7T8slYwyJHO6xooArvUOntiGRMPuTGivaSPhxx+f2bFhe69zDDzDy51+CsvJ/zw==",
      "dev": true,
      "license": "MIT",
      "bin": {
        "openapi": "bin/cli.js",
        "redocly": "bin/cli.js"
      },
      "engines": {
        "node": ">=22.12.0 || >=20.19.0 <21.0.0",
        "npm": ">=10"
      }
    },
    "node_modules/yaml": {
      "version": "2.9.0",
      "resolved": "https://registry.npmjs.org/yaml/-/yaml-2.9.0.tgz",
      "integrity": "sha512-2AvhNX3mb8zd6Zy7INTtSpl1F15HW6Wnqj0srWlkKLcpYl/gMIMJiyuGq2KeI2YFxUPjdlB+3Lc10seMLtL4cA==",
      "dev": true,
      "license": "ISC",
      "bin": {
        "yaml": "bin.mjs"
      },
      "engines": {
        "node": ">= 14.6"
      },
      "funding": {
        "url": "https://github.com/sponsors/eemeli"
      }
    },
    "packages/client-web": {
      "extraneous": true
    }
  }
}
