{
  "version": 1,
  "dependencies": {
    "net9.0": {
      "Microsoft.EntityFrameworkCore.Relational": {
        "type": "Direct",
        "requested": "[9.0.15, )",
        "resolved": "9.0.15",
        "contentHash": "RrU/Wgb6Hg7D/e3kEZjKNh7UZxc61i3iwM1wtR/fpKk090ZQTEzcZjIIKC8Jpl+WXeOaC3fPYH5++FRZKpS7kw==",
        "dependencies": {
          "Microsoft.EntityFrameworkCore": "9.0.15",
          "Microsoft.Extensions.Caching.Memory": "9.0.15",
          "Microsoft.Extensions.Configuration.Abstractions": "9.0.15",
          "Microsoft.Extensions.Logging": "9.0.15"
        }
      },
      "Fido2": {
        "type": "Transitive",
        "resolved": "4.0.1",
        "contentHash": "k/+JLt4J4k4zccYwtV1yiRMZEphwj+GacQeVj1p7foEp787a8vJFkHtLnyzSRsnbf9JDYEh7SF8VBWlTTbdsdQ==",
        "dependencies": {
          "Fido2.Models": "4.0.1",
          "Microsoft.Extensions.Http": "9.0.0",
          "Microsoft.IdentityModel.JsonWebTokens": "8.2.0",
          "NSec.Cryptography": "25.4.0",
          "System.Formats.Cbor": "9.0.0"
        }
      },
      "Fido2.Models": {
        "type": "Transitive",
        "resolved": "4.0.1",
        "contentHash": "SepPhuYlDEWFwObg39xea9e5Ck5a7qpUP0vjIWzkEOCXDWsKQaW9sdN+m+h9phiCzb0r3w1yauypnHN11CozIw==",
        "dependencies": {
          "Microsoft.Bcl.Memory": "9.0.14"
        }
      },
      "Geralt": {
        "type": "Transitive",
        "resolved": "4.3.0",
        "contentHash": "Pe893DT2LysVg4iEgdJKnxe+nlaSXb/inRXDvE98Z+cKCcmLsiGFBJ5wdjrq7Rfns5/w2v24rNCMROYEJQbUEA==",
        "dependencies": {
          "libsodium": "[1.0.22, 1.0.23)"
        }
      },
      "libsodium": {
        "type": "Transitive",
        "resolved": "1.0.22",
        "contentHash": "KPD9SloJFclrsjnhABu7dzWrcyYkwPbvx5l1gRSPAX/0n+OBtSiVCKtGFv4n+ecWUHU0tCG9LSSwoZZx673zBQ=="
      },
      "Microsoft.Bcl.Memory": {
        "type": "Transitive",
        "resolved": "9.0.14",
        "contentHash": "laQCcjTM2FnbyznkAu9hwBuQh3z2/OtJKwjGkJOUevylFpFXZIUVq/+MU2jM0HQm1n5wsjjwtLIDOiWJ6Nai3A=="
      },
      "Microsoft.Bcl.TimeProvider": {
        "type": "Transitive",
        "resolved": "8.0.1",
        "contentHash": "C7kWHJnMRY7EvJev2S8+yJHZ1y7A4ZlLbA4NE+O23BDIAN5mHeqND1m+SKv1ChRS5YlCDW7yAMUe7lttRsJaAA=="
      },
      "Microsoft.EntityFrameworkCore": {
        "type": "Transitive",
        "resolved": "9.0.15",
        "contentHash": "nKoSPtujvdPGoej4mv4cDRpC0F9EAGfADAgmk/8rb5VT/yElZJ1V33Tfx/v6fYGVy9RTbierLJyKVhfjczuLjw==",
        "dependencies": {
          "Microsoft.EntityFrameworkCore.Abstractions": "9.0.15",
          "Microsoft.EntityFrameworkCore.Analyzers": "9.0.15",
          "Microsoft.Extensions.Caching.Memory": "9.0.15",
          "Microsoft.Extensions.Logging": "9.0.15"
        }
      },
      "Microsoft.EntityFrameworkCore.Abstractions": {
        "type": "Transitive",
        "resolved": "9.0.15",
        "contentHash": "KNmPMJaQokGbhSlee8a9AqmrlaIAfn7FwVaRYCxObKeo3M52xHEjdR1X6I/16BS9B3o8BBY/c15AHNwB4KBHJA=="
      },
      "Microsoft.EntityFrameworkCore.Analyzers": {
        "type": "Transitive",
        "resolved": "9.0.15",
        "contentHash": "OgPKzMJh9mvGK5mAm4MTZ1/KDBxSftKgX0uVDP8uI7XtL+dFwQXC6DZi5Xf6U+Y3Ir15tEYRDiKHYW62vYcG1g=="
      },
      "Microsoft.Extensions.Caching.Abstractions": {
        "type": "Transitive",
        "resolved": "9.0.15",
        "contentHash": "Kh4BFL4NKEn7JNVcjJ+6YUVH1sS653pVjd9P9lYdktKU6fMuMLRGtSqqBkIuAbDd08SzCtMz+PZlpkyfYAAFgA==",
        "dependencies": {
          "Microsoft.Extensions.Primitives": "9.0.15"
        }
      },
      "Microsoft.Extensions.Caching.Memory": {
        "type": "Transitive",
        "resolved": "9.0.15",
        "contentHash": "nIQzwvlwSgICCtbN3i8BBZlx9jaV8J+b0ny5jiymMJeBgqMCFLi2JUL4D7MZuR5rloQMgIzEQAEsweM5/RFEwg==",
        "dependencies": {
          "Microsoft.Extensions.Caching.Abstractions": "9.0.15",
          "Microsoft.Extensions.DependencyInjection.Abstractions": "9.0.15",
          "Microsoft.Extensions.Logging.Abstractions": "9.0.15",
          "Microsoft.Extensions.Options": "9.0.15",
          "Microsoft.Extensions.Primitives": "9.0.15"
        }
      },
      "Microsoft.Extensions.Configuration": {
        "type": "Transitive",
        "resolved": "9.0.0",
        "contentHash": "YIMO9T3JL8MeEXgVozKt2v79hquo/EFtnY0vgxmLnUvk1Rei/halI7kOWZL2RBeV9FMGzgM9LZA8CVaNwFMaNA==",
        "dependencies": {
          "Microsoft.Extensions.Configuration.Abstractions": "9.0.0",
          "Microsoft.Extensions.Primitives": "9.0.0"
        }
      },
      "Microsoft.Extensions.Configuration.Abstractions": {
        "type": "Transitive",
        "resolved": "9.0.15",
        "contentHash": "M9s2mDxtfNdS6SbemODzDxHgm+eIhZPSuTc0s0QazQoSceTXTv+OjthKqf8r/FehXtABXD01ijQNdtODDFtnxg==",
        "dependencies": {
          "Microsoft.Extensions.Primitives": "9.0.15"
        }
      },
      "Microsoft.Extensions.Configuration.Binder": {
        "type": "Transitive",
        "resolved": "9.0.0",
        "contentHash": "RiScL99DcyngY9zJA2ROrri7Br8tn5N4hP4YNvGdTN/bvg1A3dwvDOxHnNZ3Im7x2SJ5i4LkX1uPiR/MfSFBLQ==",
        "dependencies": {
          "Microsoft.Extensions.Configuration.Abstractions": "9.0.0"
        }
      },
      "Microsoft.Extensions.DependencyInjection": {
        "type": "Transitive",
        "resolved": "9.0.15",
        "contentHash": "IC2QYj9ctbepvv2etwVXFVSfVLyFuYMuHhclQeuFYyWOGOY8yHfv6GzND3Dr4u7AOhWC1p/HwbJQNCZvGdiQ0g==",
        "dependencies": {
          "Microsoft.Extensions.DependencyInjection.Abstractions": "9.0.15"
        }
      },
      "Microsoft.Extensions.DependencyInjection.Abstractions": {
        "type": "Transitive",
        "resolved": "9.0.15",
        "contentHash": "4ulUZtcGCPQ/LadApR1QftrRZ0AvxGW6SsVhS3QoTAwZtzhbN6x0VCVPoXsoPkznUrgzy8bi4KZ+kFt5jsP40Q=="
      },
      "Microsoft.Extensions.Diagnostics": {
        "type": "Transitive",
        "resolved": "9.0.0",
        "contentHash": "0CF9ZrNw5RAlRfbZuVIvzzhP8QeWqHiUmMBU/2H7Nmit8/vwP3/SbHeEctth7D4Gz2fBnEbokPc1NU8/j/1ZLw==",
        "dependencies": {
          "Microsoft.Extensions.Configuration": "9.0.0",
          "Microsoft.Extensions.Diagnostics.Abstractions": "9.0.0",
          "Microsoft.Extensions.Options.ConfigurationExtensions": "9.0.0"
        }
      },
      "Microsoft.Extensions.Diagnostics.Abstractions": {
        "type": "Transitive",
        "resolved": "9.0.0",
        "contentHash": "1K8P7XzuzX8W8pmXcZjcrqS6x5eSSdvhQohmcpgiQNY/HlDAlnrhR9dvlURfFz428A+RTCJpUyB+aKTA6AgVcQ==",
        "dependencies": {
          "Microsoft.Extensions.DependencyInjection.Abstractions": "9.0.0",
          "Microsoft.Extensions.Options": "9.0.0"
        }
      },
      "Microsoft.Extensions.Http": {
        "type": "Transitive",
        "resolved": "9.0.0",
        "contentHash": "DqI4q54U4hH7bIAq9M5a/hl5Odr/KBAoaZ0dcT4OgutD8dook34CbkvAfAIzkMVjYXiL+E5ul9etwwqiX4PHGw==",
        "dependencies": {
          "Microsoft.Extensions.Configuration.Abstractions": "9.0.0",
          "Microsoft.Extensions.DependencyInjection.Abstractions": "9.0.0",
          "Microsoft.Extensions.Diagnostics": "9.0.0",
          "Microsoft.Extensions.Logging": "9.0.0",
          "Microsoft.Extensions.Logging.Abstractions": "9.0.0",
          "Microsoft.Extensions.Options": "9.0.0"
        }
      },
      "Microsoft.Extensions.Logging": {
        "type": "Transitive",
        "resolved": "9.0.15",
        "contentHash": "+rAMD3QMdqEhUHmD79DZGyAivBSnLvYC5P6iBbvO6so0qYRe4rtJ0v9ABsbXkUOzYFVrN0w8+abNoNEOmbangw==",
        "dependencies": {
          "Microsoft.Extensions.DependencyInjection": "9.0.15",
          "Microsoft.Extensions.Logging.Abstractions": "9.0.15",
          "Microsoft.Extensions.Options": "9.0.15"
        }
      },
      "Microsoft.Extensions.Logging.Abstractions": {
        "type": "Transitive",
        "resolved": "9.0.15",
        "contentHash": "kI9Sc2l8oC3bEptPIPp3+aoCBCfrefJHn5lgfKbw526JJbUuNNQPtB/bcUyqFpzr6KKgHxALfNrP6rX1x+19yA==",
        "dependencies": {
          "Microsoft.Extensions.DependencyInjection.Abstractions": "9.0.15"
        }
      },
      "Microsoft.Extensions.Options": {
        "type": "Transitive",
        "resolved": "9.0.15",
        "contentHash": "MbKKtaKGlvil2KWaA3x81l15mUorZGhqe4v8h3eLl7YU6gpOlfARnXYxHxx3GEakHl0De0zeu1kFm3u/NiPdKg==",
        "dependencies": {
          "Microsoft.Extensions.DependencyInjection.Abstractions": "9.0.15",
          "Microsoft.Extensions.Primitives": "9.0.15"
        }
      },
      "Microsoft.Extensions.Options.ConfigurationExtensions": {
        "type": "Transitive",
        "resolved": "9.0.0",
        "contentHash": "Ob3FXsXkcSMQmGZi7qP07EQ39kZpSBlTcAZLbJLdI4FIf0Jug8biv2HTavWmnTirchctPlq9bl/26CXtQRguzA==",
        "dependencies": {
          "Microsoft.Extensions.Configuration.Abstractions": "9.0.0",
          "Microsoft.Extensions.Configuration.Binder": "9.0.0",
          "Microsoft.Extensions.DependencyInjection.Abstractions": "9.0.0",
          "Microsoft.Extensions.Options": "9.0.0",
          "Microsoft.Extensions.Primitives": "9.0.0"
        }
      },
      "Microsoft.Extensions.Primitives": {
        "type": "Transitive",
        "resolved": "9.0.15",
        "contentHash": "WRPJ9kpIwsOcghRT0tduIqiz7CDv7WsnL4kTJavtHS4j5AW++4LlR63oOSTL2o/zLR4T1z0/FQMgrnsPJ5bpQQ=="
      },
      "Microsoft.IdentityModel.Abstractions": {
        "type": "Transitive",
        "resolved": "8.2.0",
        "contentHash": "27ClfnelIu92kLGOaz0vjdXR1Jv7hAdLffxxNgR8T0+IMWmxeVyO3cU8oohmuTrWUFOfd2tsSGaRNewnuClIZw=="
      },
      "Microsoft.IdentityModel.JsonWebTokens": {
        "type": "Transitive",
        "resolved": "8.2.0",
        "contentHash": "/DAx+9HeqfkH/PccwHx7cUtQe9fYM6AxEmTla8WXUT+w+mapKLnigWmdKtF55hNvxiSnmGhSSCcG7XrvkpGKFA==",
        "dependencies": {
          "Microsoft.Bcl.TimeProvider": "8.0.1",
          "Microsoft.IdentityModel.Tokens": "8.2.0"
        }
      },
      "Microsoft.IdentityModel.Logging": {
        "type": "Transitive",
        "resolved": "8.2.0",
        "contentHash": "mZsjOZlbmCZfM71y8Fyo+D5UJ1RZFvmKXkxTfE2llQ0/CrfEeWmbpoew51w++EWs+G8B/peZqR1DQtbX3bB6Fg==",
        "dependencies": {
          "Microsoft.IdentityModel.Abstractions": "8.2.0"
        }
      },
      "Microsoft.IdentityModel.Tokens": {
        "type": "Transitive",
        "resolved": "8.2.0",
        "contentHash": "/I+6D3SwW8hQh5wznGzQCrS4L5y5Re/0AEKKfXXAduWzz4WKqJzY8RmjwZ6W66bIFUhPrqOy6zsLKPik4Ppnbw==",
        "dependencies": {
          "Microsoft.Bcl.TimeProvider": "8.0.1",
          "Microsoft.IdentityModel.Logging": "8.2.0"
        }
      },
      "Npgsql": {
        "type": "Transitive",
        "resolved": "9.0.5",
        "contentHash": "NRZkUlTUh06f7f14wriEoO+BrJcyw/agh3xozXLM3ii7C/08SyXqcI89EMfZJuHkOcfDU8W0enGcZ8RGNVOw0w==",
        "dependencies": {
          "Microsoft.Extensions.Logging.Abstractions": "8.0.2"
        }
      },
      "Npgsql.EntityFrameworkCore.PostgreSQL": {
        "type": "Transitive",
        "resolved": "9.0.4",
        "contentHash": "mw5vcY2IEc7L+IeGrxpp/J5OSnCcjkjAgJYCm/eD52wpZze8zsSifdqV7zXslSMmfJG2iIUGZyo3KuDtEFKwMQ==",
        "dependencies": {
          "Microsoft.EntityFrameworkCore": "[9.0.1, 10.0.0)",
          "Microsoft.EntityFrameworkCore.Relational": "[9.0.1, 10.0.0)",
          "Npgsql": "9.0.3"
        }
      },
      "NSec.Cryptography": {
        "type": "Transitive",
        "resolved": "26.4.0",
        "contentHash": "0vsCtY5f+YgQROiWNqzgWp+l2pddfk9FkWoGV/bEo0MuEYPKlJWuoA8aOfO6qp3f+EnObKE3zSJhn1PspJeJVg==",
        "dependencies": {
          "libsodium": "[1.0.22, 1.0.23)"
        }
      },
      "RabbitMQ.Client": {
        "type": "Transitive",
        "resolved": "7.1.2",
        "contentHash": "y3c6ulgULScWthHw5PLM1ShHRLhxg0vCtzX/hh61gRgNecL3ZC3WoBW2HYHoXOVRqTl99Br9E7CZEytGZEsCyQ==",
        "dependencies": {
          "System.IO.Pipelines": "8.0.0",
          "System.Threading.RateLimiting": "8.0.0"
        }
      },
      "System.Formats.Cbor": {
        "type": "Transitive",
        "resolved": "9.0.0",
        "contentHash": "v8LmGrvD0thxFBn5/SaMc5Y0AecfOeoKlAcek1X0fIta8Eb0+fZA3kGelUNE9HhOAe1J1h/tDKjKxh88DWBMjA=="
      },
      "System.IO.Pipelines": {
        "type": "Transitive",
        "resolved": "8.0.0",
        "contentHash": "FHNOatmUq0sqJOkTx+UF/9YK1f180cnW5FVqnQMvYUN0elp6wFzbtPSiqbo1/ru8ICp43JM1i7kKkk6GsNGHlA=="
      },
      "System.Threading.RateLimiting": {
        "type": "Transitive",
        "resolved": "8.0.0",
        "contentHash": "7mu9v0QDv66ar3DpGSZHg9NuNcxDaaAcnMULuZlaTpP9+hwXhrxNGsF5GmLkSHxFdb5bBc1TzeujsRgTrPWi+Q=="
      },
      "settleora.api": {
        "type": "Project",
        "dependencies": {
          "Fido2": "[4.0.1, )",
          "Geralt": "[4.3.0, )",
          "Microsoft.EntityFrameworkCore": "[9.0.15, )",
          "NSec.Cryptography": "[26.4.0, )",
          "Npgsql": "[9.0.5, )",
          "Npgsql.EntityFrameworkCore.PostgreSQL": "[9.0.4, )",
          "RabbitMQ.Client": "[7.1.2, )"
        }
      }
    }
  }
}